# SEC-P2-005: pip-compile + requirements.lock 锁定传递依赖版本
# 生成命令: uv pip compile backend/requirements.txt -o backend/requirements.lock --python-version 3.11 --no-emit-index-url
#
# This file was autogenerated by uv via the following command:
#    uv pip compile backend/requirements.txt -o backend/requirements.lock --python-version 3.11 --no-emit-index-url
#    2026-10-05 已用腾讯云镜像重生成（本机 PyPI 直连不通，代理只通 GitHub）：
#      uv pip compile backend/requirements.txt -o backend/requirements.lock \
#          --python-version 3.11 --no-emit-index-url --upgrade \
#          --index-url https://mirrors.cloud.tencent.com/pypi/simple/
#
#    本次为「SEC-DEP 2026-10-05 漏洞清零」重生成。加了 --upgrade：上一次（2026-10-04）
#    的重生成**未加** --upgrade，uv 只在现有钉位允许范围内微调，于是绝大多数传递依赖
#    仍停在远古版本（实测 anyio 3.7.1 / starlette 1.0.0 / torch 2.9.0 / urllib3 2.5.0 /
#    pyjwt 2.13.0 / cryptography 46.0.3 / protobuf 6.33.0 / filelock 3.20.0 /
#    setuptools 80.9.0 / wheel 0.45.1），而 .txt 范围声明早已能解析到无漏洞的最新版本。
#    pip-audit 实测（lock vs .txt，同一 pip-audit 2.10.1 / 腾讯云镜像）：
#      lock（旧）: 68 条命中 / 13 个包 / 46 个唯一公告
#      .txt（新解析）: 1 条命中（nltk PYSEC-2026-3740，CI 已显式忽略）
#    => 这批漏洞**全部来自 lock 陈旧**，不是 .txt 上界过紧，也不是代码缺陷。
#
#    ⚠️ 13 个漏洞包中**没有一个**受requirements.txt 既有上界理由保护
#    （sqlalchemy<2.1 / httpx<0.29 / schemathesis<4.17 / starlette-testclient<0.5
#      / scikit-learn<2.0）—— torch 在 .txt 里只有 >=2.2.0 无上界，starlette 由
#      fastapi 传递，anyio 由 starlette 传递。故本次清零不需要动任何既有上界，
#      sqlalchemy/httpx/schemathesis/starlette-testclient/scikit-learn 全部维持原约束。
#
#    本次重生成引入的新包: formulaic / interface-meta / narwhals / opentelemetry-api
#    本次重生成移除的包: pytz / sniffio（anyio 4.x 不再依赖 sniffio）
#
#    ⚠️ 重生成会覆盖本段人工注释与上面的 SEC-P2-005 标记行——
#       SEC-P2-005 是被 tests/test_sec_p2_003_stab_p2_009_sec_p2_005.py 断言的治理标记，必须补回。
absl-py==2.5.0
    # via
    #   keras
    #   tensorflow
aiosqlite==0.22.1
    # via -r backend/requirements.txt
alembic==1.20.0
    # via -r backend/requirements.txt
amqp==5.4.0
    # via kombu
annotated-doc==0.0.5
    # via
    #   fastapi
    #   typer
annotated-types==0.8.0
    # via pydantic
anyio==4.15.1
    # via
    #   httpx
    #   starlette
    #   watchfiles
astunparse==1.6.3
    # via tensorflow
async-timeout==5.0.1
    # via redis
asyncpg==0.31.0
    # via -r backend/requirements.txt
bcrypt==4.3.0
    # via -r backend/requirements.txt
billiard==4.3.0
    # via celery
celery==5.6.3
    # via -r backend/requirements.txt
certifi==2026.7.22
    # via
    #   httpcore
    #   httpx
    #   requests
    #   sentry-sdk
cffi==2.1.1
    # via cryptography
charset-normalizer==3.5.2
    # via
    #   reportlab
    #   requests
click==8.5.0
    # via
    #   celery
    #   click-didyoumean
    #   click-plugins
    #   click-repl
    #   huggingface-hub
    #   uvicorn
click-didyoumean==0.3.1
    # via celery
click-plugins==1.1.1.2
    # via celery
click-repl==0.4.0
    # via celery
cloudpickle==3.1.2
    # via
    #   joblib
    #   shap
colorama==0.4.6
    # via
    #   tqdm
    #   typer
cryptography==50.0.2
    # via
    #   -r backend/requirements.txt
    #   pyjwt
deprecated==1.3.1
    # via limits
dnspython==2.8.0
    # via email-validator
email-validator==2.3.0
    # via pydantic
et-xmlfile==2.0.0
    # via openpyxl
fastapi==0.142.2
    # via
    #   -r backend/requirements.txt
    #   sentry-sdk
filelock==4.0.10
    # via
    #   huggingface-hub
    #   torch
flatbuffers==25.12.19
    # via tensorflow
formulaic==1.2.2
    # via statsmodels
fsspec==2026.9.0
    # via
    #   huggingface-hub
    #   torch
gast==0.7.0
    # via tensorflow
google-pasta==0.2.0
    # via tensorflow
greenlet==3.5.6
    # via sqlalchemy
grpcio==1.84.0
    # via tensorflow
h11==0.16.0
    # via
    #   httpcore
    #   uvicorn
h5py==3.14.0
    # via
    #   keras
    #   tensorflow
hf-xet==1.6.0
    # via huggingface-hub
httpcore==1.0.9
    # via httpx
httptools==0.8.0
    # via uvicorn
httpx==0.28.1
    # via
    #   -r backend/requirements.txt
    #   huggingface-hub
huggingface-hub==1.33.0
    # via
    #   tokenizers
    #   transformers
idna==3.20
    # via
    #   anyio
    #   email-validator
    #   httpx
    #   requests
interface-meta==2.0.1
    # via formulaic
jieba==0.42.1
    # via -r backend/requirements.txt
jinja2==3.1.6
    # via torch
joblib==1.6.0
    # via
    #   -r backend/requirements.txt
    #   scikit-learn
keras==3.15.1
    # via tensorflow
kombu==5.6.2
    # via celery
libclang==18.1.1
    # via tensorflow
limits==5.8.0
    # via slowapi
llvmlite==0.50.0
    # via
    #   numba
    #   shap
mako==1.4.3
    # via alembic
markdown-it-py==4.2.0
    # via rich
markupsafe==3.0.4
    # via
    #   jinja2
    #   mako
mdurl==0.1.2
    # via markdown-it-py
ml-dtypes==0.6.0
    # via
    #   keras
    #   tensorflow
mpmath==1.3.0
    # via sympy
namex==0.1.0
    # via keras
narwhals==2.26.0
    # via
    #   formulaic
    #   scikit-learn
networkx==3.6.1
    # via torch
numba==0.68.0
    # via shap
numpy==2.4.6
    # via
    #   -r backend/requirements.txt
    #   formulaic
    #   h5py
    #   keras
    #   ml-dtypes
    #   numba
    #   pandas
    #   patsy
    #   scikit-learn
    #   scipy
    #   shap
    #   statsmodels
    #   tensorflow
    #   transformers
openpyxl==3.1.5
    # via -r backend/requirements.txt
opentelemetry-api==1.45.0
    # via fastapi
opt-einsum==3.4.0
    # via tensorflow
optree==0.20.0
    # via keras
packaging==26.3
    # via
    #   huggingface-hub
    #   keras
    #   kombu
    #   limits
    #   patsy
    #   shap
    #   statsmodels
    #   tensorflow
    #   transformers
    #   wheel
pandas==3.0.6
    # via
    #   -r backend/requirements.txt
    #   formulaic
    #   shap
    #   statsmodels
patsy==1.0.3
    # via statsmodels
pillow==12.3.0
    # via reportlab
prompt-toolkit==3.0.53
    # via click-repl
protobuf==7.36.2
    # via tensorflow
psycopg2-binary==2.9.13
    # via -r backend/requirements.txt
pycparser==3.0
    # via cffi
pydantic==2.13.5
    # via
    #   -r backend/requirements.txt
    #   fastapi
    #   pydantic-settings
pydantic-core==2.46.5
    # via pydantic
pydantic-settings==2.15.0
    # via -r backend/requirements.txt
pygments==2.21.0
    # via rich
pyjwt==2.15.1
    # via -r backend/requirements.txt
python-dateutil==2.9.0.post0
    # via
    #   celery
    #   pandas
python-dotenv==1.2.4
    # via
    #   -r backend/requirements.txt
    #   pydantic-settings
    #   uvicorn
python-magic==0.4.27
    # via -r backend/requirements.txt
python-multipart==0.0.32
    # via -r backend/requirements.txt
pyyaml==6.0.3
    # via
    #   huggingface-hub
    #   transformers
    #   uvicorn
redis==8.1.0
    # via -r backend/requirements.txt
regex==2026.9.29
    # via transformers
reportlab==5.0.1
    # via -r backend/requirements.txt
requests==2.34.2
    # via
    #   -r backend/requirements.txt
    #   tensorflow
rich==15.0.0
    # via
    #   keras
    #   typer
safetensors==0.8.0
    # via transformers
scikit-learn==1.9.1
    # via
    #   -r backend/requirements.txt
    #   shap
scipy==1.17.1
    # via
    #   -r backend/requirements.txt
    #   formulaic
    #   scikit-learn
    #   shap
    #   statsmodels
sentry-sdk==2.71.0
    # via -r backend/requirements.txt
setuptools==84.0.0
    # via
    #   tensorflow
    #   torch
shap==0.51.0
    # via -r backend/requirements.txt
shellingham==1.5.4
    # via typer
six==1.17.0
    # via
    #   astunparse
    #   google-pasta
    #   python-dateutil
    #   tensorflow
slicer==0.0.8
    # via shap
slowapi==0.1.10
    # via -r backend/requirements.txt
sqlalchemy==2.0.54
    # via
    #   -r backend/requirements.txt
    #   alembic
starlette==1.7.0
    # via fastapi
statsmodels==0.15.0
    # via -r backend/requirements.txt
sympy==1.14.0
    # via torch
tensorflow==2.21.0
    # via -r backend/requirements.txt
termcolor==3.3.0
    # via tensorflow
threadpoolctl==3.7.0
    # via scikit-learn
tokenizers==0.23.2
    # via transformers
torch==2.14.1
    # via -r backend/requirements.txt
tqdm==4.70.1
    # via
    #   huggingface-hub
    #   shap
    #   transformers
transformers==5.18.0
    # via -r backend/requirements.txt
typer==0.27.2
    # via transformers
typing-extensions==4.16.0
    # via
    #   alembic
    #   anyio
    #   click-repl
    #   fastapi
    #   formulaic
    #   grpcio
    #   huggingface-hub
    #   limits
    #   opentelemetry-api
    #   optree
    #   pydantic
    #   pydantic-core
    #   shap
    #   sqlalchemy
    #   starlette
    #   tensorflow
    #   torch
    #   typing-inspection
typing-inspection==0.4.4
    # via
    #   fastapi
    #   pydantic
    #   pydantic-settings
tzdata==2026.5
    # via
    #   kombu
    #   pandas
    #   tzlocal
tzlocal==5.4.4
    # via celery
urllib3==2.8.0
    # via
    #   requests
    #   sentry-sdk
uvicorn==0.54.0
    # via -r backend/requirements.txt
vine==5.1.0
    # via
    #   amqp
    #   celery
    #   kombu
watchfiles==1.3.0
    # via uvicorn
wcwidth==0.9.1
    # via prompt-toolkit
websockets==17.2
    # via uvicorn
wheel==0.48.0
    # via astunparse
wrapt==2.5.0
    # via
    #   deprecated
    #   formulaic
    #   tensorflow
